
Microsoft Visual Studio Solution File, Format Version 12.00
# Visual Studio Version 17
VisualStudioVersion = 17.14.36202.13 d17.14
MinimumVisualStudioVersion = 10.0.40219.1
Project("{FAE04EC0-301F-11D3-BF4B-00C04F79EFBC}") = "ConsoleApp1", "ConsoleApp1\ConsoleApp1.csproj", "{F8593448-8A9A-46B5-A19F-0EBB2F2C1235}"
EndProject
Global
	GlobalSection(SolutionConfigurationPlatforms) = preSolution
		Debug|Any CPU = Debug|Any CPU
		Release|Any CPU = Release|Any CPU
	EndGlobalSection
	GlobalSection(ProjectConfigurationPlatforms) = postSolution
		{F8593448-8A9A-46B5-A19F-0EBB2F2C1235}.Debug|Any CPU.ActiveCfg = Debug|Any CPU
		{F8593448-8A9A-46B5-A19F-0EBB2F2C1235}.Debug|Any CPU.Build.0 = Debug|Any CPU
		{F8593448-8A9A-46B5-A19F-0EBB2F2C1235}.Release|Any CPU.ActiveCfg = Release|Any CPU
		{F8593448-8A9A-46B5-A19F-0EBB2F2C1235}.Release|Any CPU.Build.0 = Release|Any CPU
	EndGlobalSection
	GlobalSection(SolutionProperties) = preSolution
		HideSolutionNode = FALSE
	EndGlobalSection
	GlobalSection(ExtensibilityGlobals) = postSolution
		SolutionGuid = {D5A2A70B-2A82-4467-800C-C8F1ABFB1CA7}
	EndGlobalSection
EndGlobal
